{
  "projects": [
    {
      "projectId": "8ezVBUfhxTZRVwYwN3N5yL",
      "version": "latest",
      "dependencies": {},
      "lang": "js",
      "fileLocks": [
        {
          "type": "globalVariant",
          "assetId": "zuwgTRegLl_n",
          "checksum": "f17837ab6ec2f6af6b39e9d646a05bb1"
        },
        {
          "type": "renderModule",
          "assetId": "0bDiwzUEHDAP",
          "checksum": "72d69a5d1a3f9bdde28724941c89b4a1"
        },
        {
          "type": "cssRules",
          "assetId": "0bDiwzUEHDAP",
          "checksum": "72d69a5d1a3f9bdde28724941c89b4a1"
        },
        {
          "assetId": "8ezVBUfhxTZRVwYwN3N5yL",
          "type": "projectCss",
          "checksum": "ab559a154159887e39f0df0a5c28a42d"
        },
        {
          "type": "renderModule",
          "assetId": "nzUeeW99LIVl",
          "checksum": "065acb2a10b98aca17ec8269438315fa"
        },
        {
          "type": "cssRules",
          "assetId": "nzUeeW99LIVl",
          "checksum": "065acb2a10b98aca17ec8269438315fa"
        },
        {
          "type": "renderModule",
          "assetId": "Mk2LrAAMfItq",
          "checksum": "59a5f3cb00b3f39f7dacda5ee549bccf"
        },
        {
          "type": "cssRules",
          "assetId": "Mk2LrAAMfItq",
          "checksum": "59a5f3cb00b3f39f7dacda5ee549bccf"
        },
        {
          "type": "renderModule",
          "assetId": "vuK03WDG9KmD",
          "checksum": "d015c98336c079458e352d9b10388bf6"
        },
        {
          "type": "cssRules",
          "assetId": "vuK03WDG9KmD",
          "checksum": "d015c98336c079458e352d9b10388bf6"
        },
        {
          "type": "icon",
          "assetId": "JTfMJQkFiSGp",
          "checksum": "2a0737a6c1cc8920d7b0dd18cbd19651"
        },
        {
          "type": "icon",
          "assetId": "XDVABuU6lq1k",
          "checksum": "a5cf98e04fddfb0f29225d46b5e03ed4"
        },
        {
          "type": "icon",
          "assetId": "un-WH7MsARJK",
          "checksum": "60ea643d0d98e9b684b3c297eea396bf"
        },
        {
          "type": "icon",
          "assetId": "5gSvYEif6wmd",
          "checksum": "0fb9b1d2cc4ce7c9d42df10fc9139550"
        },
        {
          "type": "icon",
          "assetId": "0JyQ0i6OVRYN",
          "checksum": "4fb02ea6e48819ab6d9428484efda59c"
        },
        {
          "type": "icon",
          "assetId": "abdhKhLq5eeF",
          "checksum": "cba25985caf08bb2c360bc1cf3dc4f07"
        },
        {
          "type": "icon",
          "assetId": "3CgKVHLDeTbq",
          "checksum": "1518636171a7f3b9dcad0cbcfc300b62"
        },
        {
          "type": "icon",
          "assetId": "Fxrb0pHgOXY5",
          "checksum": "57399475241e4d7dcee9e47466a2b4f3"
        },
        {
          "type": "icon",
          "assetId": "YkbMSN9iL4_2",
          "checksum": "5ca535f515185b0e8a3f006e8c285dce"
        },
        {
          "type": "image",
          "assetId": "G0bAW9pXeLuA",
          "checksum": "1bc3c54ffcf6eae42447be2039f035f0"
        },
        {
          "type": "image",
          "assetId": "gmd_sdDInqqF",
          "checksum": "158c61fbb61a695199cfdda80b40711e"
        },
        {
          "type": "image",
          "assetId": "ktd0lwI2w2d4",
          "checksum": "3924bbf7298ec475fdc22cecaa6f2918"
        },
        {
          "type": "image",
          "assetId": "1ookdHoWoun_",
          "checksum": "0d00d4db110054fd7ce8cfa9cceef3b9"
        },
        {
          "type": "image",
          "assetId": "8xToOYLQJ8Lr",
          "checksum": "5e25c4ca8c332d7e63a281baec87360d"
        },
        {
          "type": "image",
          "assetId": "H-O1AbMRrmbj",
          "checksum": "e6a24e823cec76895199a19dfe77387d"
        },
        {
          "type": "image",
          "assetId": "XjvDftp7DlCO",
          "checksum": "1d996094ad36b8e8be3d285fa979eca6"
        },
        {
          "type": "image",
          "assetId": "Th777GleTeuk",
          "checksum": "3102f1c34899d5a227e6dd780929282c"
        },
        {
          "type": "image",
          "assetId": "_nNJL8bRh1vC",
          "checksum": "8a5737af9bc7770b62295c462928afc0"
        },
        {
          "type": "image",
          "assetId": "2enPPjXE6Mu-",
          "checksum": "772de45636b7975b7aeb072645af493a"
        },
        {
          "type": "image",
          "assetId": "_Z1xAbn-UQMt",
          "checksum": "18c42d1f7ba0faae14af02c6e8f649a7"
        },
        {
          "type": "image",
          "assetId": "zHdwKfrdCwaB",
          "checksum": "3d29f21e88fb5351037c772fe9c6c420"
        },
        {
          "type": "image",
          "assetId": "J0yo-u5b7yWA",
          "checksum": "81d754ca55065594b24a928a5bafbb51"
        },
        {
          "type": "image",
          "assetId": "VdD6P5Z-OSxw",
          "checksum": "c34165e60a332c57e6b2ac7cee523454"
        },
        {
          "type": "image",
          "assetId": "ni3zZVDDsL2B",
          "checksum": "404ed1e1bdf11fa75b29bc2e3f8f643d"
        },
        {
          "type": "image",
          "assetId": "p8wYsuah_qhj",
          "checksum": "ff9de4f63ced5b693391422d0b6cd51c"
        },
        {
          "type": "image",
          "assetId": "88HLp7Z16yPS",
          "checksum": "ca963abb1fc5c967fe3c466686789ec5"
        }
      ],
      "codegenVersion": "0.0.1"
    }
  ],
  "cliVersion": "0.1.327"
}
